<Solution>
  <Folder Name="/sample/">
    <Project Path="sample/Jubin/Jubin.csproj" />
  </Folder>
  <Folder Name="/src/">
    <Project Path="src/Unpoly.Blazor/Unpoly.Blazor.csproj" />
  </Folder>
  <Folder Name="/tests/">
    <Project Path="tests/Unpoly.Blazor.Tests/Unpoly.Blazor.Tests.csproj" />
  </Folder>
</Solution>
